// !$*UTF8*$!
{
	archiveVersion = 1;
	classes = {
	};
	objectVersion = 55;
	objects = {

/* Begin PBXBuildFile section */
		5BCF0200F8A853D72178A6E8 /* (null) in Frameworks */ = {isa = PBXBuildFile; };
		AD3DD40DC5ED2CC1DE0F6611 /* Pods_CoderTests.framework in Frameworks */ = {isa = PBXBuildFile; fileRef = B30CC4C94E73F914F7B2417E /* Pods_CoderTests.framework */; };
		FA4968562976DA4000CAF769 /* ProfileRootView.swift in Sources */ = {isa = PBXBuildFile; fileRef = FA4968552976DA4000CAF769 /* ProfileRootView.swift */; };
		FA4968582976DE9D00CAF769 /* DateOfBirthView.swift in Sources */ = {isa = PBXBuildFile; fileRef = FA4968572976DE9D00CAF769 /* DateOfBirthView.swift */; };
		FA49685A2976DEAD00CAF769 /* PhoneView.swift in Sources */ = {isa = PBXBuildFile; fileRef = FA4968592976DEAD00CAF769 /* PhoneView.swift */; };
		FA49685C297706F700CAF769 /* String+PhoneNum.swift in Sources */ = {isa = PBXBuildFile; fileRef = FA49685B297706F700CAF769 /* String+PhoneNum.swift */; };
		FA4968602977E9C100CAF769 /* UIView+ClickAnimation.swift in Sources */ = {isa = PBXBuildFile; fileRef = FA49685F2977E9C100CAF769 /* UIView+ClickAnimation.swift */; };
		FA496862297967DF00CAF769 /* NetworkMonitor.swift in Sources */ = {isa = PBXBuildFile; fileRef = FA496861297967DF00CAF769 /* NetworkMonitor.swift */; };
		FA4968642979683A00CAF769 /* APIErrorView.swift in Sources */ = {isa = PBXBuildFile; fileRef = FA4968632979683A00CAF769 /* APIErrorView.swift */; };
		FA4968662979685800CAF769 /* NetworkErrorView.swift in Sources */ = {isa = PBXBuildFile; fileRef = FA4968652979685800CAF769 /* NetworkErrorView.swift */; };
		FA496868297986F800CAF769 /* PresentNetworkError.swift in Sources */ = {isa = PBXBuildFile; fileRef = FA496867297986F800CAF769 /* PresentNetworkError.swift */; };
		FA49686A297BCF7100CAF769 /* AssemblyBuilder.swift in Sources */ = {isa = PBXBuildFile; fileRef = FA496869297BCF7100CAF769 /* AssemblyBuilder.swift */; };
		FA49686C297BCF9C00CAF769 /* Router.swift in Sources */ = {isa = PBXBuildFile; fileRef = FA49686B297BCF9C00CAF769 /* Router.swift */; };
		FA4968702986606000CAF769 /* FavoriteViewController.swift in Sources */ = {isa = PBXBuildFile; fileRef = FA49686F2986606000CAF769 /* FavoriteViewController.swift */; };
		FA4968732986610C00CAF769 /* MainTabBarController.swift in Sources */ = {isa = PBXBuildFile; fileRef = FA4968722986610C00CAF769 /* MainTabBarController.swift */; };
		FA4968BC299556C900CAF769 /* FavoritePersonModel.swift in Sources */ = {isa = PBXBuildFile; fileRef = FA4968BB299556C900CAF769 /* FavoritePersonModel.swift */; };
		FA4968C02996512700CAF769 /* FavoriteTableView.swift in Sources */ = {isa = PBXBuildFile; fileRef = FA4968BF2996512700CAF769 /* FavoriteTableView.swift */; };
		FA4968C32996533000CAF769 /* FavoriteRootView.swift in Sources */ = {isa = PBXBuildFile; fileRef = FA4968C22996533000CAF769 /* FavoriteRootView.swift */; };
		FA4968C52997540F00CAF769 /* FavoritePresenter.swift in Sources */ = {isa = PBXBuildFile; fileRef = FA4968C42997540F00CAF769 /* FavoritePresenter.swift */; };
		FA4968C82997559800CAF769 /* FavoriteModel.swift in Sources */ = {isa = PBXBuildFile; fileRef = FA4968C72997559800CAF769 /* FavoriteModel.swift */; };
		FA4968CB29976CCD00CAF769 /* String+Department.swift in Sources */ = {isa = PBXBuildFile; fileRef = FA4968CA29976CCD00CAF769 /* String+Department.swift */; };
		FA4968CC299A554700CAF769 /* Pods_Coder.framework in Frameworks */ = {isa = PBXBuildFile; fileRef = E43F21D194C436F20F85FC46 /* Pods_Coder.framework */; };
		FA4968CD299A554700CAF769 /* Pods_Coder.framework in Embed Frameworks */ = {isa = PBXBuildFile; fileRef = E43F21D194C436F20F85FC46 /* Pods_Coder.framework */; settings = {ATTRIBUTES = (CodeSignOnCopy, RemoveHeadersOnCopy, ); }; };
		FA4968DD299E364800CAF769 /* StaffPresenterTests.swift in Sources */ = {isa = PBXBuildFile; fileRef = FA4968DC299E364800CAF769 /* StaffPresenterTests.swift */; };
		FA4968E1299E379B00CAF769 /* MockStaffView.swift in Sources */ = {isa = PBXBuildFile; fileRef = FA4968E0299E379B00CAF769 /* MockStaffView.swift */; };
		FA4968E4299E393B00CAF769 /* MockNetworkService.swift in Sources */ = {isa = PBXBuildFile; fileRef = FA4968E3299E393B00CAF769 /* MockNetworkService.swift */; };
		FA82886F296EBF1A009F1619 /* Date+Settings.swift in Sources */ = {isa = PBXBuildFile; fileRef = FA82886E296EBF1A009F1619 /* Date+Settings.swift */; };
		FA828874296ECCC8009F1619 /* HeaderSectionView.swift in Sources */ = {isa = PBXBuildFile; fileRef = FA828873296ECCC8009F1619 /* HeaderSectionView.swift */; };
		FA8288A2297579B6009F1619 /* ProfileModel.swift in Sources */ = {isa = PBXBuildFile; fileRef = FA8288A1297579B6009F1619 /* ProfileModel.swift */; };
		FA8288A4297579C4009F1619 /* ProfilePresenter.swift in Sources */ = {isa = PBXBuildFile; fileRef = FA8288A3297579C4009F1619 /* ProfilePresenter.swift */; };
		FA8288A7297579F6009F1619 /* ProfileViewController.swift in Sources */ = {isa = PBXBuildFile; fileRef = FA8288A6297579F6009F1619 /* ProfileViewController.swift */; };
		FA8288A9297594CE009F1619 /* BackBarItem.swift in Sources */ = {isa = PBXBuildFile; fileRef = FA8288A8297594CE009F1619 /* BackBarItem.swift */; };
		FA8288AB2976869E009F1619 /* ImageView+Shadow.swift in Sources */ = {isa = PBXBuildFile; fileRef = FA8288AA2976869E009F1619 /* ImageView+Shadow.swift */; };
		FA8EA2C029B5B9A900D362E6 /* MockFavoriteView.swift in Sources */ = {isa = PBXBuildFile; fileRef = FA8EA2BF29B5B9A900D362E6 /* MockFavoriteView.swift */; };
		FABB4EFD2937801400486E5A /* AppDelegate.swift in Sources */ = {isa = PBXBuildFile; fileRef = FABB4EFC2937801400486E5A /* AppDelegate.swift */; };
		FABB4F012937801400486E5A /* StaffViewController.swift in Sources */ = {isa = PBXBuildFile; fileRef = FABB4F002937801400486E5A /* StaffViewController.swift */; };
		FABB4F062937801500486E5A /* Assets.xcassets in Resources */ = {isa = PBXBuildFile; fileRef = FABB4F052937801500486E5A /* Assets.xcassets */; };
		FABB4F092937801500486E5A /* LaunchScreen.storyboard in Resources */ = {isa = PBXBuildFile; fileRef = FABB4F072937801500486E5A /* LaunchScreen.storyboard */; };
		FABB4F132937A47800486E5A /* NetworkService.swift in Sources */ = {isa = PBXBuildFile; fileRef = FABB4F122937A47800486E5A /* NetworkService.swift */; };
		FABB4F152937B7D300486E5A /* APIModel.swift in Sources */ = {isa = PBXBuildFile; fileRef = FABB4F142937B7D300486E5A /* APIModel.swift */; };
		FABB4F182937C9C700486E5A /* Constants.swift in Sources */ = {isa = PBXBuildFile; fileRef = FABB4F172937C9C700486E5A /* Constants.swift */; };
		FABB4F1B2938C01800486E5A /* StaffPresenter.swift in Sources */ = {isa = PBXBuildFile; fileRef = FABB4F1A2938C01800486E5A /* StaffPresenter.swift */; };
		FABB4F1E2938CB2B00486E5A /* StaffSearchBar.swift in Sources */ = {isa = PBXBuildFile; fileRef = FABB4F1D2938CB2B00486E5A /* StaffSearchBar.swift */; };
		FABB4F202938CB4D00486E5A /* StaffRootView.swift in Sources */ = {isa = PBXBuildFile; fileRef = FABB4F1F2938CB4D00486E5A /* StaffRootView.swift */; };
		FABB4F252938FF2F00486E5A /* DepartmentCollectionView.swift in Sources */ = {isa = PBXBuildFile; fileRef = FABB4F242938FF2F00486E5A /* DepartmentCollectionView.swift */; };
		FABB4F3029390B2B00486E5A /* StaffTableView.swift in Sources */ = {isa = PBXBuildFile; fileRef = FABB4F2F29390B2B00486E5A /* StaffTableView.swift */; };
		FABB4F3229390C7A00486E5A /* StaffModel.swift in Sources */ = {isa = PBXBuildFile; fileRef = FABB4F3129390C7A00486E5A /* StaffModel.swift */; };
		FABB4F34293A0E7400486E5A /* DepartmentCollectionViewCell.swift in Sources */ = {isa = PBXBuildFile; fileRef = FABB4F33293A0E7400486E5A /* DepartmentCollectionViewCell.swift */; };
		FABB4F36293F9CD900486E5A /* StaffTableViewCell.swift in Sources */ = {isa = PBXBuildFile; fileRef = FABB4F35293F9CD900486E5A /* StaffTableViewCell.swift */; };
		FABB4F3E2947A66100486E5A /* Inter-Regular.ttf in Resources */ = {isa = PBXBuildFile; fileRef = FABB4F3A2947A66100486E5A /* Inter-Regular.ttf */; };
		FABB4F3F2947A66100486E5A /* Inter-SemiBold.ttf in Resources */ = {isa = PBXBuildFile; fileRef = FABB4F3B2947A66100486E5A /* Inter-SemiBold.ttf */; };
		FABB4F402947A66100486E5A /* Inter-Medium.ttf in Resources */ = {isa = PBXBuildFile; fileRef = FABB4F3C2947A66100486E5A /* Inter-Medium.ttf */; };
		FABB4F412947A66100486E5A /* Inter-Bold.ttf in Resources */ = {isa = PBXBuildFile; fileRef = FABB4F3D2947A66100486E5A /* Inter-Bold.ttf */; };
		FABB4F44294B4B3A00486E5A /* CircularSpinner.swift in Sources */ = {isa = PBXBuildFile; fileRef = FABB4F43294B4B3A00486E5A /* CircularSpinner.swift */; };
		FADF594A295712FA0006A2B5 /* SearchErrorView.swift in Sources */ = {isa = PBXBuildFile; fileRef = FADF5949295712FA0006A2B5 /* SearchErrorView.swift */; };
		FADF5950295EFCEA0006A2B5 /* PresentationViewController.swift in Sources */ = {isa = PBXBuildFile; fileRef = FADF594F295EFCEA0006A2B5 /* PresentationViewController.swift */; };
		FADF5952296C3BC70006A2B5 /* SortViewController.swift in Sources */ = {isa = PBXBuildFile; fileRef = FADF5951296C3BC70006A2B5 /* SortViewController.swift */; };
		FADF5956296D29350006A2B5 /* SortModel.swift in Sources */ = {isa = PBXBuildFile; fileRef = FADF5955296D29350006A2B5 /* SortModel.swift */; };
		FADF5959296D71120006A2B5 /* SortStackView.swift in Sources */ = {isa = PBXBuildFile; fileRef = FADF5958296D71120006A2B5 /* SortStackView.swift */; };
		FADF595B296D74150006A2B5 /* SortPresenter.swift in Sources */ = {isa = PBXBuildFile; fileRef = FADF595A296D74150006A2B5 /* SortPresenter.swift */; };
		FAED634C29A2089100F1B086 /* SortPresenterTests.swift in Sources */ = {isa = PBXBuildFile; fileRef = FAED634B29A2089100F1B086 /* SortPresenterTests.swift */; };
		FAED634F29A20AAD00F1B086 /* MockSortView.swift in Sources */ = {isa = PBXBuildFile; fileRef = FAED634E29A20AAD00F1B086 /* MockSortView.swift */; };
		FAED635229A20D1B00F1B086 /* ProfilePresenterTesets.swift in Sources */ = {isa = PBXBuildFile; fileRef = FAED635129A20D1B00F1B086 /* ProfilePresenterTesets.swift */; };
		FAED635529A20DEB00F1B086 /* MockProfileView.swift in Sources */ = {isa = PBXBuildFile; fileRef = FAED635429A20DEB00F1B086 /* MockProfileView.swift */; };
		FAED635829A211AB00F1B086 /* FavoritePresenterTests.swift in Sources */ = {isa = PBXBuildFile; fileRef = FAED635729A211AB00F1B086 /* FavoritePresenterTests.swift */; };
		FAED635B29A2546E00F1B086 /* MockRouter.swift in Sources */ = {isa = PBXBuildFile; fileRef = FAED635A29A2546E00F1B086 /* MockRouter.swift */; };
/* End PBXBuildFile section */

/* Begin PBXContainerItemProxy section */
		FA4968D7299E23F000CAF769 /* PBXContainerItemProxy */ = {
			isa = PBXContainerItemProxy;
			containerPortal = FABB4EF12937801400486E5A /* Project object */;
			proxyType = 1;
			remoteGlobalIDString = FABB4EF82937801400486E5A;
			remoteInfo = Coder;
		};
/* End PBXContainerItemProxy section */

/* Begin PBXCopyFilesBuildPhase section */
		FA4968CE299A554700CAF769 /* Embed Frameworks */ = {
			isa = PBXCopyFilesBuildPhase;
			buildActionMask = 2147483647;
			dstPath = "";
			dstSubfolderSpec = 10;
			files = (
				FA4968CD299A554700CAF769 /* Pods_Coder.framework in Embed Frameworks */,
			);
			name = "Embed Frameworks";
			runOnlyForDeploymentPostprocessing = 0;
		};
/* End PBXCopyFilesBuildPhase section */

/* Begin PBXFileReference section */
		2014CB57AAD704F015717F8D /* Pods-CoderTests.release.xcconfig */ = {isa = PBXFileReference; includeInIndex = 1; lastKnownFileType = text.xcconfig; name = "Pods-CoderTests.release.xcconfig"; path = "Target Support Files/Pods-CoderTests/Pods-CoderTests.release.xcconfig"; sourceTree = "<group>"; };
		5B6B49D453212B631D85BE23 /* Pods-Coder.release.xcconfig */ = {isa = PBXFileReference; includeInIndex = 1; lastKnownFileType = text.xcconfig; name = "Pods-Coder.release.xcconfig"; path = "Target Support Files/Pods-Coder/Pods-Coder.release.xcconfig"; sourceTree = "<group>"; };
		861DC8FF65FD1EB737AC4D4A /* Pods-Coder.debug.xcconfig */ = {isa = PBXFileReference; includeInIndex = 1; lastKnownFileType = text.xcconfig; name = "Pods-Coder.debug.xcconfig"; path = "Target Support Files/Pods-Coder/Pods-Coder.debug.xcconfig"; sourceTree = "<group>"; };
		927ECF71530059939DCBAF7F /* Pods-CoderTests.debug.xcconfig */ = {isa = PBXFileReference; includeInIndex = 1; lastKnownFileType = text.xcconfig; name = "Pods-CoderTests.debug.xcconfig"; path = "Target Support Files/Pods-CoderTests/Pods-CoderTests.debug.xcconfig"; sourceTree = "<group>"; };
		B30CC4C94E73F914F7B2417E /* Pods_CoderTests.framework */ = {isa = PBXFileReference; explicitFileType = wrapper.framework; includeInIndex = 0; path = Pods_CoderTests.framework; sourceTree = BUILT_PRODUCTS_DIR; };
		E43F21D194C436F20F85FC46 /* Pods_Coder.framework */ = {isa = PBXFileReference; explicitFileType = wrapper.framework; includeInIndex = 0; path = Pods_Coder.framework; sourceTree = BUILT_PRODUCTS_DIR; };
		FA4968552976DA4000CAF769 /* ProfileRootView.swift */ = {isa = PBXFileReference; lastKnownFileType = sourcecode.swift; path = ProfileRootView.swift; sourceTree = "<group>"; };
		FA4968572976DE9D00CAF769 /* DateOfBirthView.swift */ = {isa = PBXFileReference; lastKnownFileType = sourcecode.swift; path = DateOfBirthView.swift; sourceTree = "<group>"; };
		FA4968592976DEAD00CAF769 /* PhoneView.swift */ = {isa = PBXFileReference; lastKnownFileType = sourcecode.swift; path = PhoneView.swift; sourceTree = "<group>"; };
		FA49685B297706F700CAF769 /* String+PhoneNum.swift */ = {isa = PBXFileReference; lastKnownFileType = sourcecode.swift; path = "String+PhoneNum.swift"; sourceTree = "<group>"; };
		FA49685F2977E9C100CAF769 /* UIView+ClickAnimation.swift */ = {isa = PBXFileReference; lastKnownFileType = sourcecode.swift; path = "UIView+ClickAnimation.swift"; sourceTree = "<group>"; };
		FA496861297967DF00CAF769 /* NetworkMonitor.swift */ = {isa = PBXFileReference; lastKnownFileType = sourcecode.swift; path = NetworkMonitor.swift; sourceTree = "<group>"; };
		FA4968632979683A00CAF769 /* APIErrorView.swift */ = {isa = PBXFileReference; lastKnownFileType = sourcecode.swift; path = APIErrorView.swift; sourceTree = "<group>"; };
		FA4968652979685800CAF769 /* NetworkErrorView.swift */ = {isa = PBXFileReference; lastKnownFileType = sourcecode.swift; path = NetworkErrorView.swift; sourceTree = "<group>"; };
		FA496867297986F800CAF769 /* PresentNetworkError.swift */ = {isa = PBXFileReference; lastKnownFileType = sourcecode.swift; path = PresentNetworkError.swift; sourceTree = "<group>"; };
		FA496869297BCF7100CAF769 /* AssemblyBuilder.swift */ = {isa = PBXFileReference; lastKnownFileType = sourcecode.swift; path = AssemblyBuilder.swift; sourceTree = "<group>"; };
		FA49686B297BCF9C00CAF769 /* Router.swift */ = {isa = PBXFileReference; lastKnownFileType = sourcecode.swift; path = Router.swift; sourceTree = "<group>"; };
		FA49686F2986606000CAF769 /* FavoriteViewController.swift */ = {isa = PBXFileReference; lastKnownFileType = sourcecode.swift; path = FavoriteViewController.swift; sourceTree = "<group>"; };
		FA4968722986610C00CAF769 /* MainTabBarController.swift */ = {isa = PBXFileReference; lastKnownFileType = sourcecode.swift; path = MainTabBarController.swift; sourceTree = "<group>"; };
		FA4968BB299556C900CAF769 /* FavoritePersonModel.swift */ = {isa = PBXFileReference; lastKnownFileType = sourcecode.swift; path = FavoritePersonModel.swift; sourceTree = "<group>"; };
		FA4968BF2996512700CAF769 /* FavoriteTableView.swift */ = {isa = PBXFileReference; lastKnownFileType = sourcecode.swift; path = FavoriteTableView.swift; sourceTree = "<group>"; };
		FA4968C22996533000CAF769 /* FavoriteRootView.swift */ = {isa = PBXFileReference; lastKnownFileType = sourcecode.swift; path = FavoriteRootView.swift; sourceTree = "<group>"; };
		FA4968C42997540F00CAF769 /* FavoritePresenter.swift */ = {isa = PBXFileReference; lastKnownFileType = sourcecode.swift; path = FavoritePresenter.swift; sourceTree = "<group>"; };
		FA4968C72997559800CAF769 /* FavoriteModel.swift */ = {isa = PBXFileReference; lastKnownFileType = sourcecode.swift; path = FavoriteModel.swift; sourceTree = "<group>"; };
		FA4968CA29976CCD00CAF769 /* String+Department.swift */ = {isa = PBXFileReference; lastKnownFileType = sourcecode.swift; path = "String+Department.swift"; sourceTree = "<group>"; };
		FA4968D3299E23F000CAF769 /* CoderTests.xctest */ = {isa = PBXFileReference; explicitFileType = wrapper.cfbundle; includeInIndex = 0; path = CoderTests.xctest; sourceTree = BUILT_PRODUCTS_DIR; };
		FA4968DC299E364800CAF769 /* StaffPresenterTests.swift */ = {isa = PBXFileReference; lastKnownFileType = sourcecode.swift; path = StaffPresenterTests.swift; sourceTree = "<group>"; };
		FA4968E0299E379B00CAF769 /* MockStaffView.swift */ = {isa = PBXFileReference; lastKnownFileType = sourcecode.swift; path = MockStaffView.swift; sourceTree = "<group>"; };
		FA4968E3299E393B00CAF769 /* MockNetworkService.swift */ = {isa = PBXFileReference; lastKnownFileType = sourcecode.swift; path = MockNetworkService.swift; sourceTree = "<group>"; };
		FA5054C329B1C9C100BC8CF3 /* Realm.framework */ = {isa = PBXFileReference; explicitFileType = wrapper.framework; path = Realm.framework; sourceTree = BUILT_PRODUCTS_DIR; };
		FA5054C529B1C9C100BC8CF3 /* RealmSwift.framework */ = {isa = PBXFileReference; explicitFileType = wrapper.framework; path = RealmSwift.framework; sourceTree = BUILT_PRODUCTS_DIR; };
		FA82886E296EBF1A009F1619 /* Date+Settings.swift */ = {isa = PBXFileReference; lastKnownFileType = sourcecode.swift; path = "Date+Settings.swift"; sourceTree = "<group>"; };
		FA828873296ECCC8009F1619 /* HeaderSectionView.swift */ = {isa = PBXFileReference; lastKnownFileType = sourcecode.swift; path = HeaderSectionView.swift; sourceTree = "<group>"; };
		FA8288A1297579B6009F1619 /* ProfileModel.swift */ = {isa = PBXFileReference; lastKnownFileType = sourcecode.swift; path = ProfileModel.swift; sourceTree = "<group>"; };
		FA8288A3297579C4009F1619 /* ProfilePresenter.swift */ = {isa = PBXFileReference; lastKnownFileType = sourcecode.swift; path = ProfilePresenter.swift; sourceTree = "<group>"; };
		FA8288A6297579F6009F1619 /* ProfileViewController.swift */ = {isa = PBXFileReference; lastKnownFileType = sourcecode.swift; path = ProfileViewController.swift; sourceTree = "<group>"; };
		FA8288A8297594CE009F1619 /* BackBarItem.swift */ = {isa = PBXFileReference; lastKnownFileType = sourcecode.swift; path = BackBarItem.swift; sourceTree = "<group>"; };
		FA8288AA2976869E009F1619 /* ImageView+Shadow.swift */ = {isa = PBXFileReference; lastKnownFileType = sourcecode.swift; path = "ImageView+Shadow.swift"; sourceTree = "<group>"; };
		FA8EA2BF29B5B9A900D362E6 /* MockFavoriteView.swift */ = {isa = PBXFileReference; lastKnownFileType = sourcecode.swift; path = MockFavoriteView.swift; sourceTree = "<group>"; };
		FABB4EF92937801400486E5A /* Coder.app */ = {isa = PBXFileReference; explicitFileType = wrapper.application; includeInIndex = 0; path = Coder.app; sourceTree = BUILT_PRODUCTS_DIR; };
		FABB4EFC2937801400486E5A /* AppDelegate.swift */ = {isa = PBXFileReference; lastKnownFileType = sourcecode.swift; path = AppDelegate.swift; sourceTree = "<group>"; };
		FABB4F002937801400486E5A /* StaffViewController.swift */ = {isa = PBXFileReference; lastKnownFileType = sourcecode.swift; path = StaffViewController.swift; sourceTree = "<group>"; };
		FABB4F052937801500486E5A /* Assets.xcassets */ = {isa = PBXFileReference; lastKnownFileType = folder.assetcatalog; path = Assets.xcassets; sourceTree = "<group>"; };
		FABB4F082937801500486E5A /* Base */ = {isa = PBXFileReference; lastKnownFileType = file.storyboard; name = Base; path = Base.lproj/LaunchScreen.storyboard; sourceTree = "<group>"; };
		FABB4F0A2937801500486E5A /* Info.plist */ = {isa = PBXFileReference; lastKnownFileType = text.plist.xml; path = Info.plist; sourceTree = "<group>"; };
		FABB4F122937A47800486E5A /* NetworkService.swift */ = {isa = PBXFileReference; lastKnownFileType = sourcecode.swift; path = NetworkService.swift; sourceTree = "<group>"; };
		FABB4F142937B7D300486E5A /* APIModel.swift */ = {isa = PBXFileReference; lastKnownFileType = sourcecode.swift; path = APIModel.swift; sourceTree = "<group>"; };
		FABB4F172937C9C700486E5A /* Constants.swift */ = {isa = PBXFileReference; lastKnownFileType = sourcecode.swift; path = Constants.swift; sourceTree = "<group>"; };
		FABB4F1A2938C01800486E5A /* StaffPresenter.swift */ = {isa = PBXFileReference; lastKnownFileType = sourcecode.swift; path = StaffPresenter.swift; sourceTree = "<group>"; };
		FABB4F1D2938CB2B00486E5A /* StaffSearchBar.swift */ = {isa = PBXFileReference; lastKnownFileType = sourcecode.swift; path = StaffSearchBar.swift; sourceTree = "<group>"; };
		FABB4F1F2938CB4D00486E5A /* StaffRootView.swift */ = {isa = PBXFileReference; lastKnownFileType = sourcecode.swift; path = StaffRootView.swift; sourceTree = "<group>"; };
		FABB4F242938FF2F00486E5A /* DepartmentCollectionView.swift */ = {isa = PBXFileReference; lastKnownFileType = sourcecode.swift; path = DepartmentCollectionView.swift; sourceTree = "<group>"; };
		FABB4F2F29390B2B00486E5A /* StaffTableView.swift */ = {isa = PBXFileReference; lastKnownFileType = sourcecode.swift; path = StaffTableView.swift; sourceTree = "<group>"; };
		FABB4F3129390C7A00486E5A /* StaffModel.swift */ = {isa = PBXFileReference; lastKnownFileType = sourcecode.swift; path = StaffModel.swift; sourceTree = "<group>"; };
		FABB4F33293A0E7400486E5A /* DepartmentCollectionViewCell.swift */ = {isa = PBXFileReference; lastKnownFileType = sourcecode.swift; path = DepartmentCollectionViewCell.swift; sourceTree = "<group>"; };
		FABB4F35293F9CD900486E5A /* StaffTableViewCell.swift */ = {isa = PBXFileReference; lastKnownFileType = sourcecode.swift; path = StaffTableViewCell.swift; sourceTree = "<group>"; };
		FABB4F3A2947A66100486E5A /* Inter-Regular.ttf */ = {isa = PBXFileReference; lastKnownFileType = file; path = "Inter-Regular.ttf"; sourceTree = "<group>"; };
		FABB4F3B2947A66100486E5A /* Inter-SemiBold.ttf */ = {isa = PBXFileReference; lastKnownFileType = file; path = "Inter-SemiBold.ttf"; sourceTree = "<group>"; };
		FABB4F3C2947A66100486E5A /* Inter-Medium.ttf */ = {isa = PBXFileReference; lastKnownFileType = file; path = "Inter-Medium.ttf"; sourceTree = "<group>"; };
		FABB4F3D2947A66100486E5A /* Inter-Bold.ttf */ = {isa = PBXFileReference; lastKnownFileType = file; path = "Inter-Bold.ttf"; sourceTree = "<group>"; };
		FABB4F43294B4B3A00486E5A /* CircularSpinner.swift */ = {isa = PBXFileReference; lastKnownFileType = sourcecode.swift; path = CircularSpinner.swift; sourceTree = "<group>"; };
		FADF5949295712FA0006A2B5 /* SearchErrorView.swift */ = {isa = PBXFileReference; lastKnownFileType = sourcecode.swift; path = SearchErrorView.swift; sourceTree = "<group>"; };
		FADF594F295EFCEA0006A2B5 /* PresentationViewController.swift */ = {isa = PBXFileReference; lastKnownFileType = sourcecode.swift; path = PresentationViewController.swift; sourceTree = "<group>"; };
		FADF5951296C3BC70006A2B5 /* SortViewController.swift */ = {isa = PBXFileReference; lastKnownFileType = sourcecode.swift; path = SortViewController.swift; sourceTree = "<group>"; };
		FADF5955296D29350006A2B5 /* SortModel.swift */ = {isa = PBXFileReference; lastKnownFileType = sourcecode.swift; path = SortModel.swift; sourceTree = "<group>"; };
		FADF5958296D71120006A2B5 /* SortStackView.swift */ = {isa = PBXFileReference; lastKnownFileType = sourcecode.swift; path = SortStackView.swift; sourceTree = "<group>"; };
		FADF595A296D74150006A2B5 /* SortPresenter.swift */ = {isa = PBXFileReference; lastKnownFileType = sourcecode.swift; path = SortPresenter.swift; sourceTree = "<group>"; };
		FAED634B29A2089100F1B086 /* SortPresenterTests.swift */ = {isa = PBXFileReference; lastKnownFileType = sourcecode.swift; path = SortPresenterTests.swift; sourceTree = "<group>"; };
		FAED634E29A20AAD00F1B086 /* MockSortView.swift */ = {isa = PBXFileReference; lastKnownFileType = sourcecode.swift; path = MockSortView.swift; sourceTree = "<group>"; };
		FAED635129A20D1B00F1B086 /* ProfilePresenterTesets.swift */ = {isa = PBXFileReference; lastKnownFileType = sourcecode.swift; path = ProfilePresenterTesets.swift; sourceTree = "<group>"; };
		FAED635429A20DEB00F1B086 /* MockProfileView.swift */ = {isa = PBXFileReference; lastKnownFileType = sourcecode.swift; path = MockProfileView.swift; sourceTree = "<group>"; };
		FAED635729A211AB00F1B086 /* FavoritePresenterTests.swift */ = {isa = PBXFileReference; lastKnownFileType = sourcecode.swift; path = FavoritePresenterTests.swift; sourceTree = "<group>"; };
		FAED635A29A2546E00F1B086 /* MockRouter.swift */ = {isa = PBXFileReference; lastKnownFileType = sourcecode.swift; path = MockRouter.swift; sourceTree = "<group>"; };
		FAED635E29A5F27500F1B086 /* realm-monorepo.xcframework */ = {isa = PBXFileReference; lastKnownFileType = wrapper.xcframework; name = "realm-monorepo.xcframework"; path = "Pods/Realm/core/realm-monorepo.xcframework"; sourceTree = "<group>"; };
		FAED636029A5F27500F1B086 /* Realm.framework */ = {isa = PBXFileReference; explicitFileType = wrapper.framework; path = Realm.framework; sourceTree = BUILT_PRODUCTS_DIR; };
		FAED636229A5F27500F1B086 /* RealmSwift.framework */ = {isa = PBXFileReference; explicitFileType = wrapper.framework; path = RealmSwift.framework; sourceTree = BUILT_PRODUCTS_DIR; };
		FAED636429A5F2EA00F1B086 /* Realm.framework */ = {isa = PBXFileReference; explicitFileType = wrapper.framework; path = Realm.framework; sourceTree = BUILT_PRODUCTS_DIR; };
/* End PBXFileReference section */

/* Begin PBXFrameworksBuildPhase section */
		FA4968D0299E23F000CAF769 /* Frameworks */ = {
			isa = PBXFrameworksBuildPhase;
			buildActionMask = 2147483647;
			files = (
				AD3DD40DC5ED2CC1DE0F6611 /* Pods_CoderTests.framework in Frameworks */,
			);
			runOnlyForDeploymentPostprocessing = 0;
		};
		FABB4EF62937801400486E5A /* Frameworks */ = {
			isa = PBXFrameworksBuildPhase;
			buildActionMask = 2147483647;
			files = (
				FA4968CC299A554700CAF769 /* Pods_Coder.framework in Frameworks */,
				5BCF0200F8A853D72178A6E8 /* (null) in Frameworks */,
			);
			runOnlyForDeploymentPostprocessing = 0;
		};
/* End PBXFrameworksBuildPhase section */

/* Begin PBXGroup section */
		829D67CED3732B3697CA6DDC /* Pods */ = {
			isa = PBXGroup;
			children = (
				861DC8FF65FD1EB737AC4D4A /* Pods-Coder.debug.xcconfig */,
				5B6B49D453212B631D85BE23 /* Pods-Coder.release.xcconfig */,
				927ECF71530059939DCBAF7F /* Pods-CoderTests.debug.xcconfig */,
				2014CB57AAD704F015717F8D /* Pods-CoderTests.release.xcconfig */,
			);
			path = Pods;
			sourceTree = "<group>";
		};
		B27C0854B4F2496C8D0705EB /* Frameworks */ = {
			isa = PBXGroup;
			children = (
				FA5054C329B1C9C100BC8CF3 /* Realm.framework */,
				FA5054C529B1C9C100BC8CF3 /* RealmSwift.framework */,
				FAED636429A5F2EA00F1B086 /* Realm.framework */,
				FAED635E29A5F27500F1B086 /* realm-monorepo.xcframework */,
				FAED636029A5F27500F1B086 /* Realm.framework */,
				FAED636229A5F27500F1B086 /* RealmSwift.framework */,
				E43F21D194C436F20F85FC46 /* Pods_Coder.framework */,
				B30CC4C94E73F914F7B2417E /* Pods_CoderTests.framework */,
			);
			name = Frameworks;
			sourceTree = "<group>";
		};
		FA4968712986606900CAF769 /* FavoriteScreen */ = {
			isa = PBXGroup;
			children = (
				FA4968BE299650A000CAF769 /* Controller */,
				FA4968C9299755A000CAF769 /* Model */,
				FA4968C12996518500CAF769 /* View */,
				FA4968C62997541400CAF769 /* Presenter */,
			);
			path = FavoriteScreen;
			sourceTree = "<group>";
		};
		FA4968BD299556D000CAF769 /* StorageService */ = {
			isa = PBXGroup;
			children = (
				FA4968BB299556C900CAF769 /* FavoritePersonModel.swift */,
			);
			path = StorageService;
			sourceTree = "<group>";
		};
		FA4968BE299650A000CAF769 /* Controller */ = {
			isa = PBXGroup;
			children = (
				FA49686F2986606000CAF769 /* FavoriteViewController.swift */,
			);
			path = Controller;
			sourceTree = "<group>";
		};
		FA4968C12996518500CAF769 /* View */ = {
			isa = PBXGroup;
			children = (
				FA4968C22996533000CAF769 /* FavoriteRootView.swift */,
				FA4968BF2996512700CAF769 /* FavoriteTableView.swift */,
			);
			path = View;
			sourceTree = "<group>";
		};
		FA4968C62997541400CAF769 /* Presenter */ = {
			isa = PBXGroup;
			children = (
				FA4968C42997540F00CAF769 /* FavoritePresenter.swift */,
			);
			path = Presenter;
			sourceTree = "<group>";
		};
		FA4968C9299755A000CAF769 /* Model */ = {
			isa = PBXGroup;
			children = (
				FA4968C72997559800CAF769 /* FavoriteModel.swift */,
			);
			path = Model;
			sourceTree = "<group>";
		};
		FA4968D4299E23F000CAF769 /* CoderTests */ = {
			isa = PBXGroup;
			children = (
				FA4968DE299E365600CAF769 /* Presentation */,
			);
			path = CoderTests;
			sourceTree = "<group>";
		};
		FA4968DE299E365600CAF769 /* Presentation */ = {
			isa = PBXGroup;
			children = (
				FA4968E3299E393B00CAF769 /* MockNetworkService.swift */,
				FAED635A29A2546E00F1B086 /* MockRouter.swift */,
				FA4968DF299E367000CAF769 /* MainScreen */,
				FAED634D29A2089400F1B086 /* SortScreen */,
				FAED635329A20D2000F1B086 /* ProfileScreen */,
				FAED635929A211B400F1B086 /* FavoriteScreen */,
			);
			path = Presentation;
			sourceTree = "<group>";
		};
		FA4968DF299E367000CAF769 /* MainScreen */ = {
			isa = PBXGroup;
			children = (
				FA4968DC299E364800CAF769 /* StaffPresenterTests.swift */,
				FA4968E2299E37A200CAF769 /* Mock */,
			);
			path = MainScreen;
			sourceTree = "<group>";
		};
		FA4968E2299E37A200CAF769 /* Mock */ = {
			isa = PBXGroup;
			children = (
				FA4968E0299E379B00CAF769 /* MockStaffView.swift */,
			);
			path = Mock;
			sourceTree = "<group>";
		};
		FA828870296EC150009F1619 /* Extensions */ = {
			isa = PBXGroup;
			children = (
				FA82886E296EBF1A009F1619 /* Date+Settings.swift */,
				FA8288AA2976869E009F1619 /* ImageView+Shadow.swift */,
				FA49685B297706F700CAF769 /* String+PhoneNum.swift */,
				FA49685F2977E9C100CAF769 /* UIView+ClickAnimation.swift */,
				FA4968CA29976CCD00CAF769 /* String+Department.swift */,
			);
			path = Extensions;
			sourceTree = "<group>";
		};
		FA8288A5297579CF009F1619 /* Controller */ = {
			isa = PBXGroup;
			children = (
				FA8288A6297579F6009F1619 /* ProfileViewController.swift */,
			);
			path = Controller;
			sourceTree = "<group>";
		};
		FA8EA2C129B5B9B100D362E6 /* Mock */ = {
			isa = PBXGroup;
			children = (
				FA8EA2BF29B5B9A900D362E6 /* MockFavoriteView.swift */,
			);
			path = Mock;
			sourceTree = "<group>";
		};
		FABB4EF02937801400486E5A = {
			isa = PBXGroup;
			children = (
				FABB4EFB2937801400486E5A /* Coder */,
				FA4968D4299E23F000CAF769 /* CoderTests */,
				FABB4EFA2937801400486E5A /* Products */,
				829D67CED3732B3697CA6DDC /* Pods */,
				B27C0854B4F2496C8D0705EB /* Frameworks */,
			);
			sourceTree = "<group>";
		};
		FABB4EFA2937801400486E5A /* Products */ = {
			isa = PBXGroup;
			children = (
				FABB4EF92937801400486E5A /* Coder.app */,
				FA4968D3299E23F000CAF769 /* CoderTests.xctest */,
			);
			name = Products;
			sourceTree = "<group>";
		};
		FABB4EFB2937801400486E5A /* Coder */ = {
			isa = PBXGroup;
			children = (
				FABB4EFC2937801400486E5A /* AppDelegate.swift */,
				FA496869297BCF7100CAF769 /* AssemblyBuilder.swift */,
				FA49686B297BCF9C00CAF769 /* Router.swift */,
				FABB4F112937A43700486E5A /* Services */,
				FABB4F262939023F00486E5A /* Presentation */,
				FABB4F272939037600486E5A /* Resources */,
				FABB4F0A2937801500486E5A /* Info.plist */,
				FA828870296EC150009F1619 /* Extensions */,
				FABB4F192937C9CB00486E5A /* Helpers */,
			);
			path = Coder;
			sourceTree = "<group>";
		};
		FABB4F10293784F900486E5A /* View */ = {
			isa = PBXGroup;
			children = (
				FABB4F1F2938CB4D00486E5A /* StaffRootView.swift */,
				FABB4F1D2938CB2B00486E5A /* StaffSearchBar.swift */,
				FABB4F242938FF2F00486E5A /* DepartmentCollectionView.swift */,
				FABB4F2F29390B2B00486E5A /* StaffTableView.swift */,
				FA828873296ECCC8009F1619 /* HeaderSectionView.swift */,
				FABB4F43294B4B3A00486E5A /* CircularSpinner.swift */,
				FABB4F37293FA40C00486E5A /* Cells */,
				FADF594B2957130A0006A2B5 /* Errors */,
			);
			path = View;
			sourceTree = "<group>";
		};
		FABB4F112937A43700486E5A /* Services */ = {
			isa = PBXGroup;
			children = (
				FABB4F2A293905CF00486E5A /* NetworkService */,
				FA4968BD299556D000CAF769 /* StorageService */,
			);
			path = Services;
			sourceTree = "<group>";
		};
		FABB4F162937B7DE00486E5A /* Model */ = {
			isa = PBXGroup;
			children = (
				FABB4F3129390C7A00486E5A /* StaffModel.swift */,
			);
			path = Model;
			sourceTree = "<group>";
		};
		FABB4F192937C9CB00486E5A /* Helpers */ = {
			isa = PBXGroup;
			children = (
				FABB4F172937C9C700486E5A /* Constants.swift */,
			);
			path = Helpers;
			sourceTree = "<group>";
		};
		FABB4F1C2938C15B00486E5A /* Presenter */ = {
			isa = PBXGroup;
			children = (
				FABB4F1A2938C01800486E5A /* StaffPresenter.swift */,
			);
			path = Presenter;
			sourceTree = "<group>";
		};
		FABB4F212938D88400486E5A /* Controller */ = {
			isa = PBXGroup;
			children = (
				FABB4F002937801400486E5A /* StaffViewController.swift */,
				FA496867297986F800CAF769 /* PresentNetworkError.swift */,
			);
			path = Controller;
			sourceTree = "<group>";
		};
		FABB4F262939023F00486E5A /* Presentation */ = {
			isa = PBXGroup;
			children = (
				FA4968722986610C00CAF769 /* MainTabBarController.swift */,
				FABB4F2E2939085200486E5A /* LaunchScreen */,
				FABB4F282939049900486E5A /* MainScreen */,
				FADF594E295EE80A0006A2B5 /* SortScreen */,
				FABB4F29293904F900486E5A /* ProfileScreen */,
				FA4968712986606900CAF769 /* FavoriteScreen */,
			);
			path = Presentation;
			sourceTree = "<group>";
		};
		FABB4F272939037600486E5A /* Resources */ = {
			isa = PBXGroup;
			children = (
				FABB4F052937801500486E5A /* Assets.xcassets */,
				FABB4F422947A73900486E5A /* Fonts */,
			);
			path = Resources;
			sourceTree = "<group>";
		};
		FABB4F282939049900486E5A /* MainScreen */ = {
			isa = PBXGroup;
			children = (
				FABB4F212938D88400486E5A /* Controller */,
				FABB4F162937B7DE00486E5A /* Model */,
				FABB4F10293784F900486E5A /* View */,
				FABB4F1C2938C15B00486E5A /* Presenter */,
			);
			path = MainScreen;
			sourceTree = "<group>";
		};
		FABB4F29293904F900486E5A /* ProfileScreen */ = {
			isa = PBXGroup;
			children = (
				FA8288A5297579CF009F1619 /* Controller */,
				FABB4F2B2939068200486E5A /* Model */,
				FABB4F2C2939068A00486E5A /* View */,
				FABB4F2D2939069300486E5A /* Presenter */,
			);
			path = ProfileScreen;
			sourceTree = "<group>";
		};
		FABB4F2A293905CF00486E5A /* NetworkService */ = {
			isa = PBXGroup;
			children = (
				FABB4F122937A47800486E5A /* NetworkService.swift */,
				FABB4F142937B7D300486E5A /* APIModel.swift */,
				FA496861297967DF00CAF769 /* NetworkMonitor.swift */,
			);
			path = NetworkService;
			sourceTree = "<group>";
		};
		FABB4F2B2939068200486E5A /* Model */ = {
			isa = PBXGroup;
			children = (
				FA8288A1297579B6009F1619 /* ProfileModel.swift */,
			);
			path = Model;
			sourceTree = "<group>";
		};
		FABB4F2C2939068A00486E5A /* View */ = {
			isa = PBXGroup;
			children = (
				FA4968552976DA4000CAF769 /* ProfileRootView.swift */,
				FA4968572976DE9D00CAF769 /* DateOfBirthView.swift */,
				FA4968592976DEAD00CAF769 /* PhoneView.swift */,
				FA8288A8297594CE009F1619 /* BackBarItem.swift */,
			);
			path = View;
			sourceTree = "<group>";
		};
		FABB4F2D2939069300486E5A /* Presenter */ = {
			isa = PBXGroup;
			children = (
				FA8288A3297579C4009F1619 /* ProfilePresenter.swift */,
			);
			path = Presenter;
			sourceTree = "<group>";
		};
		FABB4F2E2939085200486E5A /* LaunchScreen */ = {
			isa = PBXGroup;
			children = (
				FABB4F072937801500486E5A /* LaunchScreen.storyboard */,
			);
			path = LaunchScreen;
			sourceTree = "<group>";
		};
		FABB4F37293FA40C00486E5A /* Cells */ = {
			isa = PBXGroup;
			children = (
				FABB4F33293A0E7400486E5A /* DepartmentCollectionViewCell.swift */,
				FABB4F35293F9CD900486E5A /* StaffTableViewCell.swift */,
			);
			path = Cells;
			sourceTree = "<group>";
		};
		FABB4F422947A73900486E5A /* Fonts */ = {
			isa = PBXGroup;
			children = (
				FABB4F3A2947A66100486E5A /* Inter-Regular.ttf */,
				FABB4F3C2947A66100486E5A /* Inter-Medium.ttf */,
				FABB4F3B2947A66100486E5A /* Inter-SemiBold.ttf */,
				FABB4F3D2947A66100486E5A /* Inter-Bold.ttf */,
			);
			path = Fonts;
			sourceTree = "<group>";
		};
		FADF594B2957130A0006A2B5 /* Errors */ = {
			isa = PBXGroup;
			children = (
				FADF5949295712FA0006A2B5 /* SearchErrorView.swift */,
				FA4968632979683A00CAF769 /* APIErrorView.swift */,
				FA4968652979685800CAF769 /* NetworkErrorView.swift */,
			);
			path = Errors;
			sourceTree = "<group>";
		};
		FADF594E295EE80A0006A2B5 /* SortScreen */ = {
			isa = PBXGroup;
			children = (
				FADF5953296C6FC90006A2B5 /* Controller */,
				FADF5957296D29390006A2B5 /* Model */,
				FADF5954296D28CA0006A2B5 /* View */,
				FADF595C296D74190006A2B5 /* Presenter */,
			);
			path = SortScreen;
			sourceTree = "<group>";
		};
		FADF5953296C6FC90006A2B5 /* Controller */ = {
			isa = PBXGroup;
			children = (
				FADF5951296C3BC70006A2B5 /* SortViewController.swift */,
				FADF594F295EFCEA0006A2B5 /* PresentationViewController.swift */,
			);
			path = Controller;
			sourceTree = "<group>";
		};
		FADF5954296D28CA0006A2B5 /* View */ = {
			isa = PBXGroup;
			children = (
				FADF5958296D71120006A2B5 /* SortStackView.swift */,
			);
			path = View;
			sourceTree = "<group>";
		};
		FADF5957296D29390006A2B5 /* Model */ = {
			isa = PBXGroup;
			children = (
				FADF5955296D29350006A2B5 /* SortModel.swift */,
			);
			path = Model;
			sourceTree = "<group>";
		};
		FADF595C296D74190006A2B5 /* Presenter */ = {
			isa = PBXGroup;
			children = (
				FADF595A296D74150006A2B5 /* SortPresenter.swift */,
			);
			path = Presenter;
			sourceTree = "<group>";
		};
		FAED634D29A2089400F1B086 /* SortScreen */ = {
			isa = PBXGroup;
			children = (
				FAED634B29A2089100F1B086 /* SortPresenterTests.swift */,
				FAED635029A20B2900F1B086 /* Mock */,
			);
			path = SortScreen;
			sourceTree = "<group>";
		};
		FAED635029A20B2900F1B086 /* Mock */ = {
			isa = PBXGroup;
			children = (
				FAED634E29A20AAD00F1B086 /* MockSortView.swift */,
			);
			path = Mock;
			sourceTree = "<group>";
		};
		FAED635329A20D2000F1B086 /* ProfileScreen */ = {
			isa = PBXGroup;
			children = (
				FAED635129A20D1B00F1B086 /* ProfilePresenterTesets.swift */,
				FAED635629A20DF000F1B086 /* Mock */,
			);
			path = ProfileScreen;
			sourceTree = "<group>";
		};
		FAED635629A20DF000F1B086 /* Mock */ = {
			isa = PBXGroup;
			children = (
				FAED635429A20DEB00F1B086 /* MockProfileView.swift */,
			);
			path = Mock;
			sourceTree = "<group>";
		};
		FAED635929A211B400F1B086 /* FavoriteScreen */ = {
			isa = PBXGroup;
			children = (
				FAED635729A211AB00F1B086 /* FavoritePresenterTests.swift */,
				FA8EA2C129B5B9B100D362E6 /* Mock */,
			);
			path = FavoriteScreen;
			sourceTree = "<group>";
		};
/* End PBXGroup section */

/* Begin PBXNativeTarget section */
		FA4968D2299E23F000CAF769 /* CoderTests */ = {
			isa = PBXNativeTarget;
			buildConfigurationList = FA4968D9299E23F000CAF769 /* Build configuration list for PBXNativeTarget "CoderTests" */;
			buildPhases = (
				BEC41E678664B83F7D1D8509 /* [CP] Check Pods Manifest.lock */,
				FA4968CF299E23F000CAF769 /* Sources */,
				FA4968D0299E23F000CAF769 /* Frameworks */,
				FA4968D1299E23F000CAF769 /* Resources */,
				956532207A851E700703C0E1 /* [CP] Embed Pods Frameworks */,
			);
			buildRules = (
			);
			dependencies = (
				FA4968D8299E23F000CAF769 /* PBXTargetDependency */,
			);
			name = CoderTests;
			productName = CoderTests;
			productReference = FA4968D3299E23F000CAF769 /* CoderTests.xctest */;
			productType = "com.apple.product-type.bundle.unit-test";
		};
		FABB4EF82937801400486E5A /* Coder */ = {
			isa = PBXNativeTarget;
			buildConfigurationList = FABB4F0D2937801500486E5A /* Build configuration list for PBXNativeTarget "Coder" */;
			buildPhases = (
				767587929FE7840FE5D45114 /* [CP] Check Pods Manifest.lock */,
				FABB4EF52937801400486E5A /* Sources */,
				FABB4EF62937801400486E5A /* Frameworks */,
				FABB4EF72937801400486E5A /* Resources */,
				D105574BB1A5620B8B70C0C4 /* [CP] Embed Pods Frameworks */,
				FA4968CE299A554700CAF769 /* Embed Frameworks */,
			);
			buildRules = (
			);
			dependencies = (
			);
			name = Coder;
			productName = Coder;
			productReference = FABB4EF92937801400486E5A /* Coder.app */;
			productType = "com.apple.product-type.application";
		};
/* End PBXNativeTarget section */

/* Begin PBXProject section */
		FABB4EF12937801400486E5A /* Project object */ = {
			isa = PBXProject;
			attributes = {
				BuildIndependentTargetsInParallel = 1;
				LastSwiftUpdateCheck = 1340;
				LastUpgradeCheck = 1340;
				TargetAttributes = {
					FA4968D2299E23F000CAF769 = {
						CreatedOnToolsVersion = 13.4.1;
						TestTargetID = FABB4EF82937801400486E5A;
					};
					FABB4EF82937801400486E5A = {
						CreatedOnToolsVersion = 13.4.1;
					};
				};
			};
			buildConfigurationList = FABB4EF42937801400486E5A /* Build configuration list for PBXProject "Coder" */;
			compatibilityVersion = "Xcode 13.0";
			developmentRegion = en;
			hasScannedForEncodings = 0;
			knownRegions = (
				en,
				Base,
			);
			mainGroup = FABB4EF02937801400486E5A;
			productRefGroup = FABB4EFA2937801400486E5A /* Products */;
			projectDirPath = "";
			projectRoot = "";
			targets = (
				FABB4EF82937801400486E5A /* Coder */,
				FA4968D2299E23F000CAF769 /* CoderTests */,
			);
		};
/* End PBXProject section */

/* Begin PBXResourcesBuildPhase section */
		FA4968D1299E23F000CAF769 /* Resources */ = {
			isa = PBXResourcesBuildPhase;
			buildActionMask = 2147483647;
			files = (
			);
			runOnlyForDeploymentPostprocessing = 0;
		};
		FABB4EF72937801400486E5A /* Resources */ = {
			isa = PBXResourcesBuildPhase;
			buildActionMask = 2147483647;
			files = (
				FABB4F412947A66100486E5A /* Inter-Bold.ttf in Resources */,
				FABB4F3F2947A66100486E5A /* Inter-SemiBold.ttf in Resources */,
				FABB4F092937801500486E5A /* LaunchScreen.storyboard in Resources */,
				FABB4F3E2947A66100486E5A /* Inter-Regular.ttf in Resources */,
				FABB4F402947A66100486E5A /* Inter-Medium.ttf in Resources */,
				FABB4F062937801500486E5A /* Assets.xcassets in Resources */,
			);
			runOnlyForDeploymentPostprocessing = 0;
		};
/* End PBXResourcesBuildPhase section */

/* Begin PBXShellScriptBuildPhase section */
		767587929FE7840FE5D45114 /* [CP] Check Pods Manifest.lock */ = {
			isa = PBXShellScriptBuildPhase;
			buildActionMask = 2147483647;
			files = (
			);
			inputFileListPaths = (
			);
			inputPaths = (
				"${PODS_PODFILE_DIR_PATH}/Podfile.lock",
				"${PODS_ROOT}/Manifest.lock",
			);
			name = "[CP] Check Pods Manifest.lock";
			outputFileListPaths = (
			);
			outputPaths = (
				"$(DERIVED_FILE_DIR)/Pods-Coder-checkManifestLockResult.txt",
			);
			runOnlyForDeploymentPostprocessing = 0;
			shellPath = /bin/sh;
			shellScript = "diff \"${PODS_PODFILE_DIR_PATH}/Podfile.lock\" \"${PODS_ROOT}/Manifest.lock\" > /dev/null\nif [ $? != 0 ] ; then\n    # print error to STDERR\n    echo \"error: The sandbox is not in sync with the Podfile.lock. Run 'pod install' or update your CocoaPods installation.\" >&2\n    exit 1\nfi\n# This output is used by Xcode 'outputs' to avoid re-running this script phase.\necho \"SUCCESS\" > \"${SCRIPT_OUTPUT_FILE_0}\"\n";
			showEnvVarsInLog = 0;
		};
		956532207A851E700703C0E1 /* [CP] Embed Pods Frameworks */ = {
			isa = PBXShellScriptBuildPhase;
			buildActionMask = 2147483647;
			files = (
			);
			inputFileListPaths = (
				"${PODS_ROOT}/Target Support Files/Pods-CoderTests/Pods-CoderTests-frameworks-${CONFIGURATION}-input-files.xcfilelist",
			);
			name = "[CP] Embed Pods Frameworks";
			outputFileListPaths = (
				"${PODS_ROOT}/Target Support Files/Pods-CoderTests/Pods-CoderTests-frameworks-${CONFIGURATION}-output-files.xcfilelist",
			);
			runOnlyForDeploymentPostprocessing = 0;
			shellPath = /bin/sh;
			shellScript = "\"${PODS_ROOT}/Target Support Files/Pods-CoderTests/Pods-CoderTests-frameworks.sh\"\n";
			showEnvVarsInLog = 0;
		};
		BEC41E678664B83F7D1D8509 /* [CP] Check Pods Manifest.lock */ = {
			isa = PBXShellScriptBuildPhase;
			buildActionMask = 2147483647;
			files = (
			);
			inputFileListPaths = (
			);
			inputPaths = (
				"${PODS_PODFILE_DIR_PATH}/Podfile.lock",
				"${PODS_ROOT}/Manifest.lock",
			);
			name = "[CP] Check Pods Manifest.lock";
			outputFileListPaths = (
			);
			outputPaths = (
				"$(DERIVED_FILE_DIR)/Pods-CoderTests-checkManifestLockResult.txt",
			);
			runOnlyForDeploymentPostprocessing = 0;
			shellPath = /bin/sh;
			shellScript = "diff \"${PODS_PODFILE_DIR_PATH}/Podfile.lock\" \"${PODS_ROOT}/Manifest.lock\" > /dev/null\nif [ $? != 0 ] ; then\n    # print error to STDERR\n    echo \"error: The sandbox is not in sync with the Podfile.lock. Run 'pod install' or update your CocoaPods installation.\" >&2\n    exit 1\nfi\n# This output is used by Xcode 'outputs' to avoid re-running this script phase.\necho \"SUCCESS\" > \"${SCRIPT_OUTPUT_FILE_0}\"\n";
			showEnvVarsInLog = 0;
		};
		D105574BB1A5620B8B70C0C4 /* [CP] Embed Pods Frameworks */ = {
			isa = PBXShellScriptBuildPhase;
			buildActionMask = 2147483647;
			files = (
			);
			inputFileListPaths = (
				"${PODS_ROOT}/Target Support Files/Pods-Coder/Pods-Coder-frameworks-${CONFIGURATION}-input-files.xcfilelist",
			);
			name = "[CP] Embed Pods Frameworks";
			outputFileListPaths = (
				"${PODS_ROOT}/Target Support Files/Pods-Coder/Pods-Coder-frameworks-${CONFIGURATION}-output-files.xcfilelist",
			);
			runOnlyForDeploymentPostprocessing = 0;
			shellPath = /bin/sh;
			shellScript = "\"${PODS_ROOT}/Target Support Files/Pods-Coder/Pods-Coder-frameworks.sh\"\n";
			showEnvVarsInLog = 0;
		};
/* End PBXShellScriptBuildPhase section */

/* Begin PBXSourcesBuildPhase section */
		FA4968CF299E23F000CAF769 /* Sources */ = {
			isa = PBXSourcesBuildPhase;
			buildActionMask = 2147483647;
			files = (
				FA4968E4299E393B00CAF769 /* MockNetworkService.swift in Sources */,
				FA4968E1299E379B00CAF769 /* MockStaffView.swift in Sources */,
				FA8EA2C029B5B9A900D362E6 /* MockFavoriteView.swift in Sources */,
				FAED635829A211AB00F1B086 /* FavoritePresenterTests.swift in Sources */,
				FAED635B29A2546E00F1B086 /* MockRouter.swift in Sources */,
				FAED634F29A20AAD00F1B086 /* MockSortView.swift in Sources */,
				FAED635529A20DEB00F1B086 /* MockProfileView.swift in Sources */,
				FAED634C29A2089100F1B086 /* SortPresenterTests.swift in Sources */,
				FAED635229A20D1B00F1B086 /* ProfilePresenterTesets.swift in Sources */,
				FA4968DD299E364800CAF769 /* StaffPresenterTests.swift in Sources */,
			);
			runOnlyForDeploymentPostprocessing = 0;
		};
		FABB4EF52937801400486E5A /* Sources */ = {
			isa = PBXSourcesBuildPhase;
			buildActionMask = 2147483647;
			files = (
				FABB4F34293A0E7400486E5A /* DepartmentCollectionViewCell.swift in Sources */,
				FA49685A2976DEAD00CAF769 /* PhoneView.swift in Sources */,
				FA4968C02996512700CAF769 /* FavoriteTableView.swift in Sources */,
				FABB4F1E2938CB2B00486E5A /* StaffSearchBar.swift in Sources */,
				FA4968642979683A00CAF769 /* APIErrorView.swift in Sources */,
				FABB4F202938CB4D00486E5A /* StaffRootView.swift in Sources */,
				FA4968BC299556C900CAF769 /* FavoritePersonModel.swift in Sources */,
				FABB4F182937C9C700486E5A /* Constants.swift in Sources */,
				FA4968C32996533000CAF769 /* FavoriteRootView.swift in Sources */,
				FA49686C297BCF9C00CAF769 /* Router.swift in Sources */,
				FA4968662979685800CAF769 /* NetworkErrorView.swift in Sources */,
				FA4968562976DA4000CAF769 /* ProfileRootView.swift in Sources */,
				FA8288AB2976869E009F1619 /* ImageView+Shadow.swift in Sources */,
				FA496868297986F800CAF769 /* PresentNetworkError.swift in Sources */,
				FABB4F3229390C7A00486E5A /* StaffModel.swift in Sources */,
				FA49686A297BCF7100CAF769 /* AssemblyBuilder.swift in Sources */,
				FA4968702986606000CAF769 /* FavoriteViewController.swift in Sources */,
				FADF5959296D71120006A2B5 /* SortStackView.swift in Sources */,
				FADF5956296D29350006A2B5 /* SortModel.swift in Sources */,
				FABB4F1B2938C01800486E5A /* StaffPresenter.swift in Sources */,
				FABB4F36293F9CD900486E5A /* StaffTableViewCell.swift in Sources */,
				FABB4F012937801400486E5A /* StaffViewController.swift in Sources */,
				FABB4F132937A47800486E5A /* NetworkService.swift in Sources */,
				FABB4F152937B7D300486E5A /* APIModel.swift in Sources */,
				FADF5950295EFCEA0006A2B5 /* PresentationViewController.swift in Sources */,
				FA82886F296EBF1A009F1619 /* Date+Settings.swift in Sources */,
				FA4968C82997559800CAF769 /* FavoriteModel.swift in Sources */,
				FABB4F252938FF2F00486E5A /* DepartmentCollectionView.swift in Sources */,
				FA8288A2297579B6009F1619 /* ProfileModel.swift in Sources */,
				FA4968582976DE9D00CAF769 /* DateOfBirthView.swift in Sources */,
				FABB4F3029390B2B00486E5A /* StaffTableView.swift in Sources */,
				FA8288A4297579C4009F1619 /* ProfilePresenter.swift in Sources */,
				FA496862297967DF00CAF769 /* NetworkMonitor.swift in Sources */,
				FA4968CB29976CCD00CAF769 /* String+Department.swift in Sources */,
				FABB4F44294B4B3A00486E5A /* CircularSpinner.swift in Sources */,
				FA4968732986610C00CAF769 /* MainTabBarController.swift in Sources */,
				FADF5952296C3BC70006A2B5 /* SortViewController.swift in Sources */,
				FABB4EFD2937801400486E5A /* AppDelegate.swift in Sources */,
				FADF595B296D74150006A2B5 /* SortPresenter.swift in Sources */,
				FA49685C297706F700CAF769 /* String+PhoneNum.swift in Sources */,
				FA4968602977E9C100CAF769 /* UIView+ClickAnimation.swift in Sources */,
				FA8288A7297579F6009F1619 /* ProfileViewController.swift in Sources */,
				FA8288A9297594CE009F1619 /* BackBarItem.swift in Sources */,
				FA4968C52997540F00CAF769 /* FavoritePresenter.swift in Sources */,
				FADF594A295712FA0006A2B5 /* SearchErrorView.swift in Sources */,
				FA828874296ECCC8009F1619 /* HeaderSectionView.swift in Sources */,
			);
			runOnlyForDeploymentPostprocessing = 0;
		};
/* End PBXSourcesBuildPhase section */

/* Begin PBXTargetDependency section */
		FA4968D8299E23F000CAF769 /* PBXTargetDependency */ = {
			isa = PBXTargetDependency;
			target = FABB4EF82937801400486E5A /* Coder */;
			targetProxy = FA4968D7299E23F000CAF769 /* PBXContainerItemProxy */;
		};
/* End PBXTargetDependency section */

/* Begin PBXVariantGroup section */
		FABB4F072937801500486E5A /* LaunchScreen.storyboard */ = {
			isa = PBXVariantGroup;
			children = (
				FABB4F082937801500486E5A /* Base */,
			);
			name = LaunchScreen.storyboard;
			sourceTree = "<group>";
		};
/* End PBXVariantGroup section */

/* Begin XCBuildConfiguration section */
		FA4968DA299E23F000CAF769 /* Debug */ = {
			isa = XCBuildConfiguration;
			baseConfigurationReference = 927ECF71530059939DCBAF7F /* Pods-CoderTests.debug.xcconfig */;
			buildSettings = {
				BUNDLE_LOADER = "$(TEST_HOST)";
				CLANG_ALLOW_NON_MODULAR_INCLUDES_IN_FRAMEWORK_MODULES = YES;
				CLANG_MODULES_AUTOLINK = YES;
				CODE_SIGN_STYLE = Automatic;
				CURRENT_PROJECT_VERSION = 1;
				DEVELOPMENT_TEAM = SQMYH8B9K2;
				FRAMEWORK_SEARCH_PATHS = (
					"$(inherited)",
					"\"${PODS_CONFIGURATION_BUILD_DIR}/Realm\"",
					"\"${PODS_CONFIGURATION_BUILD_DIR}/RealmSwift\"",
					"\"${PODS_ROOT}/Realm/core\"",
				);
				GENERATE_INFOPLIST_FILE = YES;
				MARKETING_VERSION = 1.0;
				PRODUCT_BUNDLE_IDENTIFIER = bar.CoderTests;
				PRODUCT_NAME = "$(TARGET_NAME)";
				SWIFT_EMIT_LOC_STRINGS = NO;
				SWIFT_VERSION = 5.0;
				SYSTEM_FRAMEWORK_SEARCH_PATHS = (
					"$(inherited)",
					"\"${PODS_CONFIGURATION_BUILD_DIR}/Realm\"",
					"\"${PODS_CONFIGURATION_BUILD_DIR}/RealmSwift\"",
					"\"${PODS_ROOT}/Realm/core\"",
				);
				TARGETED_DEVICE_FAMILY = "1,2";
				TEST_HOST = "$(BUILT_PRODUCTS_DIR)/Coder.app/Coder";
			};
			name = Debug;
		};
		FA4968DB299E23F000CAF769 /* Release */ = {
			isa = XCBuildConfiguration;
			baseConfigurationReference = 2014CB57AAD704F015717F8D /* Pods-CoderTests.release.xcconfig */;
			buildSettings = {
				BUNDLE_LOADER = "$(TEST_HOST)";
				CLANG_ALLOW_NON_MODULAR_INCLUDES_IN_FRAMEWORK_MODULES = YES;
				CLANG_MODULES_AUTOLINK = YES;
				CODE_SIGN_STYLE = Automatic;
				CURRENT_PROJECT_VERSION = 1;
				DEVELOPMENT_TEAM = SQMYH8B9K2;
				FRAMEWORK_SEARCH_PATHS = (
					"$(inherited)",
					"\"${PODS_CONFIGURATION_BUILD_DIR}/Realm\"",
					"\"${PODS_CONFIGURATION_BUILD_DIR}/RealmSwift\"",
					"\"${PODS_ROOT}/Realm/core\"",
				);
				GENERATE_INFOPLIST_FILE = YES;
				MARKETING_VERSION = 1.0;
				PRODUCT_BUNDLE_IDENTIFIER = bar.CoderTests;
				PRODUCT_NAME = "$(TARGET_NAME)";
				SWIFT_EMIT_LOC_STRINGS = NO;
				SWIFT_VERSION = 5.0;
				SYSTEM_FRAMEWORK_SEARCH_PATHS = (
					"$(inherited)",
					"\"${PODS_CONFIGURATION_BUILD_DIR}/Realm\"",
					"\"${PODS_CONFIGURATION_BUILD_DIR}/RealmSwift\"",
					"\"${PODS_ROOT}/Realm/core\"",
				);
				TARGETED_DEVICE_FAMILY = "1,2";
				TEST_HOST = "$(BUILT_PRODUCTS_DIR)/Coder.app/Coder";
			};
			name = Release;
		};
		FABB4F0B2937801500486E5A /* Debug */ = {
			isa = XCBuildConfiguration;
			buildSettings = {
				ALWAYS_SEARCH_USER_PATHS = NO;
				CLANG_ANALYZER_NONNULL = YES;
				CLANG_ANALYZER_NUMBER_OBJECT_CONVERSION = YES_AGGRESSIVE;
				CLANG_CXX_LANGUAGE_STANDARD = "gnu++17";
				CLANG_ENABLE_MODULES = YES;
				CLANG_ENABLE_OBJC_ARC = YES;
				CLANG_ENABLE_OBJC_WEAK = YES;
				CLANG_WARN_BLOCK_CAPTURE_AUTORELEASING = YES;
				CLANG_WARN_BOOL_CONVERSION = YES;
				CLANG_WARN_COMMA = YES;
				CLANG_WARN_CONSTANT_CONVERSION = YES;
				CLANG_WARN_DEPRECATED_OBJC_IMPLEMENTATIONS = YES;
				CLANG_WARN_DIRECT_OBJC_ISA_USAGE = YES_ERROR;
				CLANG_WARN_DOCUMENTATION_COMMENTS = YES;
				CLANG_WARN_EMPTY_BODY = YES;
				CLANG_WARN_ENUM_CONVERSION = YES;
				CLANG_WARN_INFINITE_RECURSION = YES;
				CLANG_WARN_INT_CONVERSION = YES;
				CLANG_WARN_NON_LITERAL_NULL_CONVERSION = YES;
				CLANG_WARN_OBJC_IMPLICIT_RETAIN_SELF = YES;
				CLANG_WARN_OBJC_LITERAL_CONVERSION = YES;
				CLANG_WARN_OBJC_ROOT_CLASS = YES_ERROR;
				CLANG_WARN_QUOTED_INCLUDE_IN_FRAMEWORK_HEADER = YES;
				CLANG_WARN_RANGE_LOOP_ANALYSIS = YES;
				CLANG_WARN_STRICT_PROTOTYPES = YES;
				CLANG_WARN_SUSPICIOUS_MOVE = YES;
				CLANG_WARN_UNGUARDED_AVAILABILITY = YES_AGGRESSIVE;
				CLANG_WARN_UNREACHABLE_CODE = YES;
				CLANG_WARN__DUPLICATE_METHOD_MATCH = YES;
				COPY_PHASE_STRIP = NO;
				DEBUG_INFORMATION_FORMAT = dwarf;
				ENABLE_STRICT_OBJC_MSGSEND = YES;
				ENABLE_TESTABILITY = YES;
				GCC_C_LANGUAGE_STANDARD = gnu11;
				GCC_DYNAMIC_NO_PIC = NO;
				GCC_NO_COMMON_BLOCKS = YES;
				GCC_OPTIMIZATION_LEVEL = 0;
				GCC_PREPROCESSOR_DEFINITIONS = (
					"DEBUG=1",
					"$(inherited)",
				);
				GCC_WARN_64_TO_32_BIT_CONVERSION = YES;
				GCC_WARN_ABOUT_RETURN_TYPE = YES_ERROR;
				GCC_WARN_UNDECLARED_SELECTOR = YES;
				GCC_WARN_UNINITIALIZED_AUTOS = YES_AGGRESSIVE;
				GCC_WARN_UNUSED_FUNCTION = YES;
				GCC_WARN_UNUSED_VARIABLE = YES;
				IPHONEOS_DEPLOYMENT_TARGET = 15.5;
				MTL_ENABLE_DEBUG_INFO = INCLUDE_SOURCE;
				MTL_FAST_MATH = YES;
				ONLY_ACTIVE_ARCH = YES;
				SDKROOT = iphoneos;
				SWIFT_ACTIVE_COMPILATION_CONDITIONS = DEBUG;
				SWIFT_OPTIMIZATION_LEVEL = "-Onone";
			};
			name = Debug;
		};
		FABB4F0C2937801500486E5A /* Release */ = {
			isa = XCBuildConfiguration;
			buildSettings = {
				ALWAYS_SEARCH_USER_PATHS = NO;
				CLANG_ANALYZER_NONNULL = YES;
				CLANG_ANALYZER_NUMBER_OBJECT_CONVERSION = YES_AGGRESSIVE;
				CLANG_CXX_LANGUAGE_STANDARD = "gnu++17";
				CLANG_ENABLE_MODULES = YES;
				CLANG_ENABLE_OBJC_ARC = YES;
				CLANG_ENABLE_OBJC_WEAK = YES;
				CLANG_WARN_BLOCK_CAPTURE_AUTORELEASING = YES;
				CLANG_WARN_BOOL_CONVERSION = YES;
				CLANG_WARN_COMMA = YES;
				CLANG_WARN_CONSTANT_CONVERSION = YES;
				CLANG_WARN_DEPRECATED_OBJC_IMPLEMENTATIONS = YES;
				CLANG_WARN_DIRECT_OBJC_ISA_USAGE = YES_ERROR;
				CLANG_WARN_DOCUMENTATION_COMMENTS = YES;
				CLANG_WARN_EMPTY_BODY = YES;
				CLANG_WARN_ENUM_CONVERSION = YES;
				CLANG_WARN_INFINITE_RECURSION = YES;
				CLANG_WARN_INT_CONVERSION = YES;
				CLANG_WARN_NON_LITERAL_NULL_CONVERSION = YES;
				CLANG_WARN_OBJC_IMPLICIT_RETAIN_SELF = YES;
				CLANG_WARN_OBJC_LITERAL_CONVERSION = YES;
				CLANG_WARN_OBJC_ROOT_CLASS = YES_ERROR;
				CLANG_WARN_QUOTED_INCLUDE_IN_FRAMEWORK_HEADER = YES;
				CLANG_WARN_RANGE_LOOP_ANALYSIS = YES;
				CLANG_WARN_STRICT_PROTOTYPES = YES;
				CLANG_WARN_SUSPICIOUS_MOVE = YES;
				CLANG_WARN_UNGUARDED_AVAILABILITY = YES_AGGRESSIVE;
				CLANG_WARN_UNREACHABLE_CODE = YES;
				CLANG_WARN__DUPLICATE_METHOD_MATCH = YES;
				COPY_PHASE_STRIP = NO;
				DEBUG_INFORMATION_FORMAT = "dwarf-with-dsym";
				ENABLE_NS_ASSERTIONS = NO;
				ENABLE_STRICT_OBJC_MSGSEND = YES;
				GCC_C_LANGUAGE_STANDARD = gnu11;
				GCC_NO_COMMON_BLOCKS = YES;
				GCC_WARN_64_TO_32_BIT_CONVERSION = YES;
				GCC_WARN_ABOUT_RETURN_TYPE = YES_ERROR;
				GCC_WARN_UNDECLARED_SELECTOR = YES;
				GCC_WARN_UNINITIALIZED_AUTOS = YES_AGGRESSIVE;
				GCC_WARN_UNUSED_FUNCTION = YES;
				GCC_WARN_UNUSED_VARIABLE = YES;
				IPHONEOS_DEPLOYMENT_TARGET = 15.5;
				MTL_ENABLE_DEBUG_INFO = NO;
				MTL_FAST_MATH = YES;
				ONLY_ACTIVE_ARCH = NO;
				SDKROOT = iphoneos;
				SWIFT_COMPILATION_MODE = wholemodule;
				SWIFT_OPTIMIZATION_LEVEL = "-O";
				VALIDATE_PRODUCT = YES;
			};
			name = Release;
		};
		FABB4F0E2937801500486E5A /* Debug */ = {
			isa = XCBuildConfiguration;
			baseConfigurationReference = 861DC8FF65FD1EB737AC4D4A /* Pods-Coder.debug.xcconfig */;
			buildSettings = {
				ASSETCATALOG_COMPILER_APPICON_NAME = AppIcon;
				ASSETCATALOG_COMPILER_GLOBAL_ACCENT_COLOR_NAME = AccentColor;
				CODE_SIGN_STYLE = Automatic;
				CURRENT_PROJECT_VERSION = 1;
				DEVELOPMENT_TEAM = SQMYH8B9K2;
				GENERATE_INFOPLIST_FILE = YES;
				INFOPLIST_FILE = Coder/Info.plist;
				INFOPLIST_KEY_UIApplicationSupportsIndirectInputEvents = YES;
				INFOPLIST_KEY_UILaunchStoryboardName = LaunchScreen;
				INFOPLIST_KEY_UISupportedInterfaceOrientations_iPad = "UIInterfaceOrientationPortrait UIInterfaceOrientationPortraitUpsideDown UIInterfaceOrientationLandscapeLeft UIInterfaceOrientationLandscapeRight";
				INFOPLIST_KEY_UISupportedInterfaceOrientations_iPhone = "UIInterfaceOrientationPortrait UIInterfaceOrientationLandscapeLeft UIInterfaceOrientationLandscapeRight";
				IPHONEOS_DEPLOYMENT_TARGET = 15.5;
				LD_RUNPATH_SEARCH_PATHS = (
					"$(inherited)",
					"@executable_path/Frameworks",
				);
				MARKETING_VERSION = 1.0;
				PRODUCT_BUNDLE_IDENTIFIER = bar.Coder;
				PRODUCT_NAME = "$(TARGET_NAME)";
				SWIFT_EMIT_LOC_STRINGS = YES;
				SWIFT_VERSION = 5.0;
				TARGETED_DEVICE_FAMILY = "1,2";
			};
			name = Debug;
		};
		FABB4F0F2937801500486E5A /* Release */ = {
			isa = XCBuildConfiguration;
			baseConfigurationReference = 5B6B49D453212B631D85BE23 /* Pods-Coder.release.xcconfig */;
			buildSettings = {
				ASSETCATALOG_COMPILER_APPICON_NAME = AppIcon;
				ASSETCATALOG_COMPILER_GLOBAL_ACCENT_COLOR_NAME = AccentColor;
				CODE_SIGN_STYLE = Automatic;
				CURRENT_PROJECT_VERSION = 1;
				DEVELOPMENT_TEAM = SQMYH8B9K2;
				GENERATE_INFOPLIST_FILE = YES;
				INFOPLIST_FILE = Coder/Info.plist;
				INFOPLIST_KEY_UIApplicationSupportsIndirectInputEvents = YES;
				INFOPLIST_KEY_UILaunchStoryboardName = LaunchScreen;
				INFOPLIST_KEY_UISupportedInterfaceOrientations_iPad = "UIInterfaceOrientationPortrait UIInterfaceOrientationPortraitUpsideDown UIInterfaceOrientationLandscapeLeft UIInterfaceOrientationLandscapeRight";
				INFOPLIST_KEY_UISupportedInterfaceOrientations_iPhone = "UIInterfaceOrientationPortrait UIInterfaceOrientationLandscapeLeft UIInterfaceOrientationLandscapeRight";
				IPHONEOS_DEPLOYMENT_TARGET = 15.5;
				LD_RUNPATH_SEARCH_PATHS = (
					"$(inherited)",
					"@executable_path/Frameworks",
				);
				MARKETING_VERSION = 1.0;
				PRODUCT_BUNDLE_IDENTIFIER = bar.Coder;
				PRODUCT_NAME = "$(TARGET_NAME)";
				SWIFT_EMIT_LOC_STRINGS = YES;
				SWIFT_VERSION = 5.0;
				TARGETED_DEVICE_FAMILY = "1,2";
			};
			name = Release;
		};
/* End XCBuildConfiguration section */

/* Begin XCConfigurationList section */
		FA4968D9299E23F000CAF769 /* Build configuration list for PBXNativeTarget "CoderTests" */ = {
			isa = XCConfigurationList;
			buildConfigurations = (
				FA4968DA299E23F000CAF769 /* Debug */,
				FA4968DB299E23F000CAF769 /* Release */,
			);
			defaultConfigurationIsVisible = 0;
			defaultConfigurationName = Release;
		};
		FABB4EF42937801400486E5A /* Build configuration list for PBXProject "Coder" */ = {
			isa = XCConfigurationList;
			buildConfigurations = (
				FABB4F0B2937801500486E5A /* Debug */,
				FABB4F0C2937801500486E5A /* Release */,
			);
			defaultConfigurationIsVisible = 0;
			defaultConfigurationName = Release;
		};
		FABB4F0D2937801500486E5A /* Build configuration list for PBXNativeTarget "Coder" */ = {
			isa = XCConfigurationList;
			buildConfigurations = (
				FABB4F0E2937801500486E5A /* Debug */,
				FABB4F0F2937801500486E5A /* Release */,
			);
			defaultConfigurationIsVisible = 0;
			defaultConfigurationName = Release;
		};
/* End XCConfigurationList section */
	};
	rootObject = FABB4EF12937801400486E5A /* Project object */;
}
